{
  "originHash" : "0456b12b4eb645f4a4a94576ea0522ade6ab96e731ab3353002be252342c2b1a",
  "pins" : [
    {
      "identity" : "aperture",
      "kind" : "remoteSourceControl",
      "location" : "https://github.com/wulkano/Aperture",
      "state" : {
        "revision" : "7591bb540c844fe6c47edeac34b17c25e92a717f",
        "version" : "3.0.0"
      }
    }
  ],
  "version" : 3
}
